
Microsoft Visual Studio Solution File, Format Version 12.00
# Visual Studio 15
VisualStudioVersion = 15.0.26124.0
MinimumVisualStudioVersion = 15.0.26124.0
Project("{FAE04EC0-301F-11D3-BF4B-00C04F79EFBC}") = "API", "API\API.csproj", "{CB66E11B-DFC8-4B18-8DF1-463B08A60632}"
EndProject
Project("{FAE04EC0-301F-11D3-BF4B-00C04F79EFBC}") = "Core", "Core\Core.csproj", "{74BC4E33-1B05-44B5-9610-5415CFD7DCB3}"
EndProject
Project("{FAE04EC0-301F-11D3-BF4B-00C04F79EFBC}") = "Infrastructure", "Infrastructure\Infrastructure.csproj", "{C471DC0E-4522-4578-9E97-677844F3314F}"
EndProject
Global
	GlobalSection(SolutionConfigurationPlatforms) = preSolution
		Debug|Any CPU = Debug|Any CPU
		Debug|x64 = Debug|x64
		Debug|x86 = Debug|x86
		Release|Any CPU = Release|Any CPU
		Release|x64 = Release|x64
		Release|x86 = Release|x86
	EndGlobalSection
	GlobalSection(SolutionProperties) = preSolution
		HideSolutionNode = FALSE
	EndGlobalSection
	GlobalSection(ProjectConfigurationPlatforms) = postSolution
		{CB66E11B-DFC8-4B18-8DF1-463B08A60632}.Debug|Any CPU.ActiveCfg = Debug|Any CPU
		{CB66E11B-DFC8-4B18-8DF1-463B08A60632}.Debug|Any CPU.Build.0 = Debug|Any CPU
		{CB66E11B-DFC8-4B18-8DF1-463B08A60632}.Debug|x64.ActiveCfg = Debug|Any CPU
		{CB66E11B-DFC8-4B18-8DF1-463B08A60632}.Debug|x64.Build.0 = Debug|Any CPU
		{CB66E11B-DFC8-4B18-8DF1-463B08A60632}.Debug|x86.ActiveCfg = Debug|Any CPU
		{CB66E11B-DFC8-4B18-8DF1-463B08A60632}.Debug|x86.Build.0 = Debug|Any CPU
		{CB66E11B-DFC8-4B18-8DF1-463B08A60632}.Release|Any CPU.ActiveCfg = Release|Any CPU
		{CB66E11B-DFC8-4B18-8DF1-463B08A60632}.Release|Any CPU.Build.0 = Release|Any CPU
		{CB66E11B-DFC8-4B18-8DF1-463B08A60632}.Release|x64.ActiveCfg = Release|Any CPU
		{CB66E11B-DFC8-4B18-8DF1-463B08A60632}.Release|x64.Build.0 = Release|Any CPU
		{CB66E11B-DFC8-4B18-8DF1-463B08A60632}.Release|x86.ActiveCfg = Release|Any CPU
		{CB66E11B-DFC8-4B18-8DF1-463B08A60632}.Release|x86.Build.0 = Release|Any CPU
		{74BC4E33-1B05-44B5-9610-5415CFD7DCB3}.Debug|Any CPU.ActiveCfg = Debug|Any CPU
		{74BC4E33-1B05-44B5-9610-5415CFD7DCB3}.Debug|Any CPU.Build.0 = Debug|Any CPU
		{74BC4E33-1B05-44B5-9610-5415CFD7DCB3}.Debug|x64.ActiveCfg = Debug|Any CPU
		{74BC4E33-1B05-44B5-9610-5415CFD7DCB3}.Debug|x64.Build.0 = Debug|Any CPU
		{74BC4E33-1B05-44B5-9610-5415CFD7DCB3}.Debug|x86.ActiveCfg = Debug|Any CPU
		{74BC4E33-1B05-44B5-9610-5415CFD7DCB3}.Debug|x86.Build.0 = Debug|Any CPU
		{74BC4E33-1B05-44B5-9610-5415CFD7DCB3}.Release|Any CPU.ActiveCfg = Release|Any CPU
		{74BC4E33-1B05-44B5-9610-5415CFD7DCB3}.Release|Any CPU.Build.0 = Release|Any CPU
		{74BC4E33-1B05-44B5-9610-5415CFD7DCB3}.Release|x64.ActiveCfg = Release|Any CPU
		{74BC4E33-1B05-44B5-9610-5415CFD7DCB3}.Release|x64.Build.0 = Release|Any CPU
		{74BC4E33-1B05-44B5-9610-5415CFD7DCB3}.Release|x86.ActiveCfg = Release|Any CPU
		{74BC4E33-1B05-44B5-9610-5415CFD7DCB3}.Release|x86.Build.0 = Release|Any CPU
		{C471DC0E-4522-4578-9E97-677844F3314F}.Debug|Any CPU.ActiveCfg = Debug|Any CPU
		{C471DC0E-4522-4578-9E97-677844F3314F}.Debug|Any CPU.Build.0 = Debug|Any CPU
		{C471DC0E-4522-4578-9E97-677844F3314F}.Debug|x64.ActiveCfg = Debug|Any CPU
		{C471DC0E-4522-4578-9E97-677844F3314F}.Debug|x64.Build.0 = Debug|Any CPU
		{C471DC0E-4522-4578-9E97-677844F3314F}.Debug|x86.ActiveCfg = Debug|Any CPU
		{C471DC0E-4522-4578-9E97-677844F3314F}.Debug|x86.Build.0 = Debug|Any CPU
		{C471DC0E-4522-4578-9E97-677844F3314F}.Release|Any CPU.ActiveCfg = Release|Any CPU
		{C471DC0E-4522-4578-9E97-677844F3314F}.Release|Any CPU.Build.0 = Release|Any CPU
		{C471DC0E-4522-4578-9E97-677844F3314F}.Release|x64.ActiveCfg = Release|Any CPU
		{C471DC0E-4522-4578-9E97-677844F3314F}.Release|x64.Build.0 = Release|Any CPU
		{C471DC0E-4522-4578-9E97-677844F3314F}.Release|x86.ActiveCfg = Release|Any CPU
		{C471DC0E-4522-4578-9E97-677844F3314F}.Release|x86.Build.0 = Release|Any CPU
	EndGlobalSection
EndGlobal
